
Microsoft Visual Studio Solution File, Format Version 12.00
# Visual Studio Version 17
VisualStudioVersion = 17.3.32825.248
MinimumVisualStudioVersion = 10.0.40219.1
Project("{FAE04EC0-301F-11D3-BF4B-00C04F79EFBC}") = "ControleAcesso", "ControleAcesso\ControleAcesso.csproj", "{4C6D9F32-1852-42CB-8E11-58442E4E046A}"
EndProject
Global
	GlobalSection(SolutionConfigurationPlatforms) = preSolution
		Debug|Any CPU = Debug|Any CPU
		Release|Any CPU = Release|Any CPU
	EndGlobalSection
	GlobalSection(ProjectConfigurationPlatforms) = postSolution
		{4C6D9F32-1852-42CB-8E11-58442E4E046A}.Debug|Any CPU.ActiveCfg = Debug|Any CPU
		{4C6D9F32-1852-42CB-8E11-58442E4E046A}.Debug|Any CPU.Build.0 = Debug|Any CPU
		{4C6D9F32-1852-42CB-8E11-58442E4E046A}.Release|Any CPU.ActiveCfg = Release|Any CPU
		{4C6D9F32-1852-42CB-8E11-58442E4E046A}.Release|Any CPU.Build.0 = Release|Any CPU
	EndGlobalSection
	GlobalSection(SolutionProperties) = preSolution
		HideSolutionNode = FALSE
	EndGlobalSection
	GlobalSection(ExtensibilityGlobals) = postSolution
		SolutionGuid = {B2300C97-FBAA-408B-84DE-64A27E48416B}
	EndGlobalSection
EndGlobal
